// !$*UTF8*$!
{
	archiveVersion = 1;
	classes = {
	};
	objectVersion = 55;
	objects = {

/* Begin PBXBuildFile section */
		05035F2E28C8071000CAF244 /* Home.storyboard in Resources */ = {isa = PBXBuildFile; fileRef = 05035F2D28C8071000CAF244 /* Home.storyboard */; };
		05035F3028C8073000CAF244 /* Initial.storyboard in Resources */ = {isa = PBXBuildFile; fileRef = 05035F2F28C8073000CAF244 /* Initial.storyboard */; };
		05035F3328C8086300CAF244 /* Images.xcassets in Resources */ = {isa = PBXBuildFile; fileRef = 05035F3228C8086300CAF244 /* Images.xcassets */; };
		05035F3528C8087100CAF244 /* Colors.xcassets in Resources */ = {isa = PBXBuildFile; fileRef = 05035F3428C8087100CAF244 /* Colors.xcassets */; };
		05249D7F28C2A30A002E3C08 /* AppDelegate.swift in Sources */ = {isa = PBXBuildFile; fileRef = 05249D7E28C2A30A002E3C08 /* AppDelegate.swift */; };
		05249D8128C2A30A002E3C08 /* SceneDelegate.swift in Sources */ = {isa = PBXBuildFile; fileRef = 05249D8028C2A30A002E3C08 /* SceneDelegate.swift */; };
		05249D8328C2A30A002E3C08 /* ViewController.swift in Sources */ = {isa = PBXBuildFile; fileRef = 05249D8228C2A30A002E3C08 /* ViewController.swift */; };
		05249D8628C2A30A002E3C08 /* Main.storyboard in Resources */ = {isa = PBXBuildFile; fileRef = 05249D8428C2A30A002E3C08 /* Main.storyboard */; };
		05249D8828C2A30C002E3C08 /* Assets.xcassets in Resources */ = {isa = PBXBuildFile; fileRef = 05249D8728C2A30C002E3C08 /* Assets.xcassets */; };
		05249D8B28C2A30C002E3C08 /* LaunchScreen.storyboard in Resources */ = {isa = PBXBuildFile; fileRef = 05249D8928C2A30C002E3C08 /* LaunchScreen.storyboard */; };
		053D0B3828D19E1C00CE5B07 /* User.swift in Sources */ = {isa = PBXBuildFile; fileRef = 053D0B3728D19E1C00CE5B07 /* User.swift */; };
		053D0B3B28D1A0AB00CE5B07 /* URLConfigure.swift in Sources */ = {isa = PBXBuildFile; fileRef = 053D0B3A28D1A0AB00CE5B07 /* URLConfigure.swift */; };
		053D0B3E28D294A200CE5B07 /* AuthPetition.swift in Sources */ = {isa = PBXBuildFile; fileRef = 053D0B3D28D294A200CE5B07 /* AuthPetition.swift */; };
		053D0B4028D294B000CE5B07 /* UserPetition.swift in Sources */ = {isa = PBXBuildFile; fileRef = 053D0B3F28D294B000CE5B07 /* UserPetition.swift */; };
		053D0B4228D294C200CE5B07 /* TransactionPetition.swift in Sources */ = {isa = PBXBuildFile; fileRef = 053D0B4128D294C200CE5B07 /* TransactionPetition.swift */; };
		053D0B4528D2997B00CE5B07 /* UserDto.swift in Sources */ = {isa = PBXBuildFile; fileRef = 053D0B4428D2997B00CE5B07 /* UserDto.swift */; };
		053D0B4828D2A95700CE5B07 /* RequestPetition.swift in Sources */ = {isa = PBXBuildFile; fileRef = 053D0B4728D2A95700CE5B07 /* RequestPetition.swift */; };
		053D0B4A28D2C04000CE5B07 /* LoginPresenter.swift in Sources */ = {isa = PBXBuildFile; fileRef = 053D0B4928D2C04000CE5B07 /* LoginPresenter.swift */; };
		053D0B4C28D2C04F00CE5B07 /* SigninPresenter.swift in Sources */ = {isa = PBXBuildFile; fileRef = 053D0B4B28D2C04F00CE5B07 /* SigninPresenter.swift */; };
		053D0B5028D41CAA00CE5B07 /* SigninViewController.swift in Sources */ = {isa = PBXBuildFile; fileRef = 053D0B4F28D41CAA00CE5B07 /* SigninViewController.swift */; };
		053D0B5328D4476700CE5B07 /* CustomButtonAttribute.swift in Sources */ = {isa = PBXBuildFile; fileRef = 053D0B5228D4476700CE5B07 /* CustomButtonAttribute.swift */; };
		053D0B5528D4F52A00CE5B07 /* CustomTextFieldAttributes.swift in Sources */ = {isa = PBXBuildFile; fileRef = 053D0B5428D4F52A00CE5B07 /* CustomTextFieldAttributes.swift */; };
		055E4A7828CAAE8A00C1A31B /* CardCollectionViewCell.swift in Sources */ = {isa = PBXBuildFile; fileRef = 055E4A7628CAAE8A00C1A31B /* CardCollectionViewCell.swift */; };
		055E4A7928CAAE8A00C1A31B /* CardCollectionViewCell.xib in Resources */ = {isa = PBXBuildFile; fileRef = 055E4A7728CAAE8A00C1A31B /* CardCollectionViewCell.xib */; };
		055E4A8428CAC8C200C1A31B /* Card.swift in Sources */ = {isa = PBXBuildFile; fileRef = 055E4A8328CAC8C200C1A31B /* Card.swift */; };
		055E4A8628CAC9A100C1A31B /* HomeViewController.swift in Sources */ = {isa = PBXBuildFile; fileRef = 055E4A8528CAC9A100C1A31B /* HomeViewController.swift */; };
		05AFB34128D55A820063082E /* LoginViewController.swift in Sources */ = {isa = PBXBuildFile; fileRef = 05AFB34028D55A820063082E /* LoginViewController.swift */; };
/* End PBXBuildFile section */

/* Begin PBXFileReference section */
		05035F2D28C8071000CAF244 /* Home.storyboard */ = {isa = PBXFileReference; lastKnownFileType = file.storyboard; path = Home.storyboard; sourceTree = "<group>"; };
		05035F2F28C8073000CAF244 /* Initial.storyboard */ = {isa = PBXFileReference; lastKnownFileType = file.storyboard; path = Initial.storyboard; sourceTree = "<group>"; };
		05035F3228C8086300CAF244 /* Images.xcassets */ = {isa = PBXFileReference; lastKnownFileType = folder.assetcatalog; path = Images.xcassets; sourceTree = "<group>"; };
		05035F3428C8087100CAF244 /* Colors.xcassets */ = {isa = PBXFileReference; lastKnownFileType = folder.assetcatalog; path = Colors.xcassets; sourceTree = "<group>"; };
		05249D7B28C2A30A002E3C08 /* bankingApp.app */ = {isa = PBXFileReference; explicitFileType = wrapper.application; includeInIndex = 0; path = bankingApp.app; sourceTree = BUILT_PRODUCTS_DIR; };
		05249D7E28C2A30A002E3C08 /* AppDelegate.swift */ = {isa = PBXFileReference; lastKnownFileType = sourcecode.swift; path = AppDelegate.swift; sourceTree = "<group>"; };
		05249D8028C2A30A002E3C08 /* SceneDelegate.swift */ = {isa = PBXFileReference; lastKnownFileType = sourcecode.swift; path = SceneDelegate.swift; sourceTree = "<group>"; };
		05249D8228C2A30A002E3C08 /* ViewController.swift */ = {isa = PBXFileReference; lastKnownFileType = sourcecode.swift; path = ViewController.swift; sourceTree = "<group>"; };
		05249D8528C2A30A002E3C08 /* Base */ = {isa = PBXFileReference; lastKnownFileType = file.storyboard; name = Base; path = Base.lproj/Main.storyboard; sourceTree = "<group>"; };
		05249D8728C2A30C002E3C08 /* Assets.xcassets */ = {isa = PBXFileReference; lastKnownFileType = folder.assetcatalog; path = Assets.xcassets; sourceTree = "<group>"; };
		05249D8A28C2A30C002E3C08 /* Base */ = {isa = PBXFileReference; lastKnownFileType = file.storyboard; name = Base; path = Base.lproj/LaunchScreen.storyboard; sourceTree = "<group>"; };
		05249D8C28C2A30C002E3C08 /* Info.plist */ = {isa = PBXFileReference; lastKnownFileType = text.plist.xml; path = Info.plist; sourceTree = "<group>"; };
		053D0B3728D19E1C00CE5B07 /* User.swift */ = {isa = PBXFileReference; lastKnownFileType = sourcecode.swift; path = User.swift; sourceTree = "<group>"; };
		053D0B3A28D1A0AB00CE5B07 /* URLConfigure.swift */ = {isa = PBXFileReference; lastKnownFileType = sourcecode.swift; path = URLConfigure.swift; sourceTree = "<group>"; };
		053D0B3D28D294A200CE5B07 /* AuthPetition.swift */ = {isa = PBXFileReference; lastKnownFileType = sourcecode.swift; path = AuthPetition.swift; sourceTree = "<group>"; };
		053D0B3F28D294B000CE5B07 /* UserPetition.swift */ = {isa = PBXFileReference; lastKnownFileType = sourcecode.swift; path = UserPetition.swift; sourceTree = "<group>"; };
		053D0B4128D294C200CE5B07 /* TransactionPetition.swift */ = {isa = PBXFileReference; lastKnownFileType = sourcecode.swift; path = TransactionPetition.swift; sourceTree = "<group>"; };
		053D0B4428D2997B00CE5B07 /* UserDto.swift */ = {isa = PBXFileReference; lastKnownFileType = sourcecode.swift; path = UserDto.swift; sourceTree = "<group>"; };
		053D0B4728D2A95700CE5B07 /* RequestPetition.swift */ = {isa = PBXFileReference; lastKnownFileType = sourcecode.swift; path = RequestPetition.swift; sourceTree = "<group>"; };
		053D0B4928D2C04000CE5B07 /* LoginPresenter.swift */ = {isa = PBXFileReference; lastKnownFileType = sourcecode.swift; path = LoginPresenter.swift; sourceTree = "<group>"; };
		053D0B4B28D2C04F00CE5B07 /* SigninPresenter.swift */ = {isa = PBXFileReference; lastKnownFileType = sourcecode.swift; path = SigninPresenter.swift; sourceTree = "<group>"; };
		053D0B4F28D41CAA00CE5B07 /* SigninViewController.swift */ = {isa = PBXFileReference; lastKnownFileType = sourcecode.swift; path = SigninViewController.swift; sourceTree = "<group>"; };
		053D0B5228D4476700CE5B07 /* CustomButtonAttribute.swift */ = {isa = PBXFileReference; lastKnownFileType = sourcecode.swift; path = CustomButtonAttribute.swift; sourceTree = "<group>"; };
		053D0B5428D4F52A00CE5B07 /* CustomTextFieldAttributes.swift */ = {isa = PBXFileReference; lastKnownFileType = sourcecode.swift; path = CustomTextFieldAttributes.swift; sourceTree = "<group>"; };
		055E4A7628CAAE8A00C1A31B /* CardCollectionViewCell.swift */ = {isa = PBXFileReference; lastKnownFileType = sourcecode.swift; path = CardCollectionViewCell.swift; sourceTree = "<group>"; };
		055E4A7728CAAE8A00C1A31B /* CardCollectionViewCell.xib */ = {isa = PBXFileReference; lastKnownFileType = file.xib; path = CardCollectionViewCell.xib; sourceTree = "<group>"; };
		055E4A8328CAC8C200C1A31B /* Card.swift */ = {isa = PBXFileReference; lastKnownFileType = sourcecode.swift; path = Card.swift; sourceTree = "<group>"; };
		055E4A8528CAC9A100C1A31B /* HomeViewController.swift */ = {isa = PBXFileReference; lastKnownFileType = sourcecode.swift; path = HomeViewController.swift; sourceTree = "<group>"; };
		05AFB34028D55A820063082E /* LoginViewController.swift */ = {isa = PBXFileReference; lastKnownFileType = sourcecode.swift; path = LoginViewController.swift; sourceTree = "<group>"; };
/* End PBXFileReference section */

/* Begin PBXFrameworksBuildPhase section */
		05249D7828C2A30A002E3C08 /* Frameworks */ = {
			isa = PBXFrameworksBuildPhase;
			buildActionMask = 2147483647;
			files = (
			);
			runOnlyForDeploymentPostprocessing = 0;
		};
/* End PBXFrameworksBuildPhase section */

/* Begin PBXGroup section */
		05035F2C28C806BF00CAF244 /* View */ = {
			isa = PBXGroup;
			children = (
				053D0B4E28D41C7200CE5B07 /* signin */,
				053D0B4D28D41C6300CE5B07 /* login */,
				055E4A7528CAAD8E00C1A31B /* xibFiles */,
				05035F2D28C8071000CAF244 /* Home.storyboard */,
				05035F2F28C8073000CAF244 /* Initial.storyboard */,
				055E4A8528CAC9A100C1A31B /* HomeViewController.swift */,
			);
			path = View;
			sourceTree = "<group>";
		};
		05035F3128C8083700CAF244 /* assets */ = {
			isa = PBXGroup;
			children = (
				05035F3228C8086300CAF244 /* Images.xcassets */,
				05035F3428C8087100CAF244 /* Colors.xcassets */,
			);
			path = assets;
			sourceTree = "<group>";
		};
		05035F3628C9C5DE00CAF244 /* model */ = {
			isa = PBXGroup;
			children = (
				053D0B4328D2995D00CE5B07 /* dtos */,
				055E4A8328CAC8C200C1A31B /* Card.swift */,
				053D0B3728D19E1C00CE5B07 /* User.swift */,
			);
			path = model;
			sourceTree = "<group>";
		};
		05249D7228C2A30A002E3C08 = {
			isa = PBXGroup;
			children = (
				05249D7D28C2A30A002E3C08 /* bankingApp */,
				05249D7C28C2A30A002E3C08 /* Products */,
			);
			sourceTree = "<group>";
		};
		05249D7C28C2A30A002E3C08 /* Products */ = {
			isa = PBXGroup;
			children = (
				05249D7B28C2A30A002E3C08 /* bankingApp.app */,
			);
			name = Products;
			sourceTree = "<group>";
		};
		05249D7D28C2A30A002E3C08 /* bankingApp */ = {
			isa = PBXGroup;
			children = (
				053D0B3628D1907E00CE5B07 /* utils */,
				053D0B3528D1907000CE5B07 /* presenter */,
				05035F3628C9C5DE00CAF244 /* model */,
				05035F3128C8083700CAF244 /* assets */,
				05035F2C28C806BF00CAF244 /* View */,
				05249D7E28C2A30A002E3C08 /* AppDelegate.swift */,
				05249D8028C2A30A002E3C08 /* SceneDelegate.swift */,
				05249D8228C2A30A002E3C08 /* ViewController.swift */,
				05249D8728C2A30C002E3C08 /* Assets.xcassets */,
				05249D8928C2A30C002E3C08 /* LaunchScreen.storyboard */,
				05249D8C28C2A30C002E3C08 /* Info.plist */,
				05249D8428C2A30A002E3C08 /* Main.storyboard */,
			);
			path = bankingApp;
			sourceTree = "<group>";
		};
		053D0B3528D1907000CE5B07 /* presenter */ = {
			isa = PBXGroup;
			children = (
				053D0B4928D2C04000CE5B07 /* LoginPresenter.swift */,
				053D0B4B28D2C04F00CE5B07 /* SigninPresenter.swift */,
			);
			path = presenter;
			sourceTree = "<group>";
		};
		053D0B3628D1907E00CE5B07 /* utils */ = {
			isa = PBXGroup;
			children = (
				053D0B5128D446D400CE5B07 /* customAttributes */,
				053D0B4628D2A91700CE5B07 /* requestPetition */,
				053D0B3C28D2948C00CE5B07 /* petitions */,
				053D0B3928D1A05900CE5B07 /* url */,
			);
			path = utils;
			sourceTree = "<group>";
		};
		053D0B3928D1A05900CE5B07 /* url */ = {
			isa = PBXGroup;
			children = (
				053D0B3A28D1A0AB00CE5B07 /* URLConfigure.swift */,
			);
			path = url;
			sourceTree = "<group>";
		};
		053D0B3C28D2948C00CE5B07 /* petitions */ = {
			isa = PBXGroup;
			children = (
				053D0B3D28D294A200CE5B07 /* AuthPetition.swift */,
				053D0B3F28D294B000CE5B07 /* UserPetition.swift */,
				053D0B4128D294C200CE5B07 /* TransactionPetition.swift */,
			);
			path = petitions;
			sourceTree = "<group>";
		};
		053D0B4328D2995D00CE5B07 /* dtos */ = {
			isa = PBXGroup;
			children = (
				053D0B4428D2997B00CE5B07 /* UserDto.swift */,
			);
			path = dtos;
			sourceTree = "<group>";
		};
		053D0B4628D2A91700CE5B07 /* requestPetition */ = {
			isa = PBXGroup;
			children = (
				053D0B4728D2A95700CE5B07 /* RequestPetition.swift */,
			);
			path = requestPetition;
			sourceTree = "<group>";
		};
		053D0B4D28D41C6300CE5B07 /* login */ = {
			isa = PBXGroup;
			children = (
				05AFB34028D55A820063082E /* LoginViewController.swift */,
			);
			path = login;
			sourceTree = "<group>";
		};
		053D0B4E28D41C7200CE5B07 /* signin */ = {
			isa = PBXGroup;
			children = (
				053D0B4F28D41CAA00CE5B07 /* SigninViewController.swift */,
			);
			path = signin;
			sourceTree = "<group>";
		};
		053D0B5128D446D400CE5B07 /* customAttributes */ = {
			isa = PBXGroup;
			children = (
				053D0B5228D4476700CE5B07 /* CustomButtonAttribute.swift */,
				053D0B5428D4F52A00CE5B07 /* CustomTextFieldAttributes.swift */,
			);
			path = customAttributes;
			sourceTree = "<group>";
		};
		055E4A7528CAAD8E00C1A31B /* xibFiles */ = {
			isa = PBXGroup;
			children = (
				055E4A7628CAAE8A00C1A31B /* CardCollectionViewCell.swift */,
				055E4A7728CAAE8A00C1A31B /* CardCollectionViewCell.xib */,
			);
			path = xibFiles;
			sourceTree = "<group>";
		};
/* End PBXGroup section */

/* Begin PBXNativeTarget section */
		05249D7A28C2A30A002E3C08 /* bankingApp */ = {
			isa = PBXNativeTarget;
			buildConfigurationList = 05249D8F28C2A30C002E3C08 /* Build configuration list for PBXNativeTarget "bankingApp" */;
			buildPhases = (
				05249D7728C2A30A002E3C08 /* Sources */,
				05249D7828C2A30A002E3C08 /* Frameworks */,
				05249D7928C2A30A002E3C08 /* Resources */,
			);
			buildRules = (
			);
			dependencies = (
			);
			name = bankingApp;
			productName = bankingApp;
			productReference = 05249D7B28C2A30A002E3C08 /* bankingApp.app */;
			productType = "com.apple.product-type.application";
		};
/* End PBXNativeTarget section */

/* Begin PBXProject section */
		05249D7328C2A30A002E3C08 /* Project object */ = {
			isa = PBXProject;
			attributes = {
				BuildIndependentTargetsInParallel = 1;
				LastSwiftUpdateCheck = 1300;
				LastUpgradeCheck = 1300;
				TargetAttributes = {
					05249D7A28C2A30A002E3C08 = {
						CreatedOnToolsVersion = 13.0;
					};
				};
			};
			buildConfigurationList = 05249D7628C2A30A002E3C08 /* Build configuration list for PBXProject "bankingApp" */;
			compatibilityVersion = "Xcode 13.0";
			developmentRegion = en;
			hasScannedForEncodings = 0;
			knownRegions = (
				en,
				Base,
			);
			mainGroup = 05249D7228C2A30A002E3C08;
			productRefGroup = 05249D7C28C2A30A002E3C08 /* Products */;
			projectDirPath = "";
			projectRoot = "";
			targets = (
				05249D7A28C2A30A002E3C08 /* bankingApp */,
			);
		};
/* End PBXProject section */

/* Begin PBXResourcesBuildPhase section */
		05249D7928C2A30A002E3C08 /* Resources */ = {
			isa = PBXResourcesBuildPhase;
			buildActionMask = 2147483647;
			files = (
				05249D8B28C2A30C002E3C08 /* LaunchScreen.storyboard in Resources */,
				05249D8828C2A30C002E3C08 /* Assets.xcassets in Resources */,
				05035F3028C8073000CAF244 /* Initial.storyboard in Resources */,
				05035F3328C8086300CAF244 /* Images.xcassets in Resources */,
				055E4A7928CAAE8A00C1A31B /* CardCollectionViewCell.xib in Resources */,
				05249D8628C2A30A002E3C08 /* Main.storyboard in Resources */,
				05035F2E28C8071000CAF244 /* Home.storyboard in Resources */,
				05035F3528C8087100CAF244 /* Colors.xcassets in Resources */,
			);
			runOnlyForDeploymentPostprocessing = 0;
		};
/* End PBXResourcesBuildPhase section */

/* Begin PBXSourcesBuildPhase section */
		05249D7728C2A30A002E3C08 /* Sources */ = {
			isa = PBXSourcesBuildPhase;
			buildActionMask = 2147483647;
			files = (
				055E4A7828CAAE8A00C1A31B /* CardCollectionViewCell.swift in Sources */,
				053D0B4228D294C200CE5B07 /* TransactionPetition.swift in Sources */,
				053D0B4A28D2C04000CE5B07 /* LoginPresenter.swift in Sources */,
				053D0B4828D2A95700CE5B07 /* RequestPetition.swift in Sources */,
				05AFB34128D55A820063082E /* LoginViewController.swift in Sources */,
				053D0B4528D2997B00CE5B07 /* UserDto.swift in Sources */,
				05249D8328C2A30A002E3C08 /* ViewController.swift in Sources */,
				053D0B4028D294B000CE5B07 /* UserPetition.swift in Sources */,
				053D0B3E28D294A200CE5B07 /* AuthPetition.swift in Sources */,
				053D0B4C28D2C04F00CE5B07 /* SigninPresenter.swift in Sources */,
				053D0B3B28D1A0AB00CE5B07 /* URLConfigure.swift in Sources */,
				055E4A8428CAC8C200C1A31B /* Card.swift in Sources */,
				05249D7F28C2A30A002E3C08 /* AppDelegate.swift in Sources */,
				053D0B5028D41CAA00CE5B07 /* SigninViewController.swift in Sources */,
				05249D8128C2A30A002E3C08 /* SceneDelegate.swift in Sources */,
				055E4A8628CAC9A100C1A31B /* HomeViewController.swift in Sources */,
				053D0B3828D19E1C00CE5B07 /* User.swift in Sources */,
				053D0B5328D4476700CE5B07 /* CustomButtonAttribute.swift in Sources */,
				053D0B5528D4F52A00CE5B07 /* CustomTextFieldAttributes.swift in Sources */,
			);
			runOnlyForDeploymentPostprocessing = 0;
		};
/* End PBXSourcesBuildPhase section */

/* Begin PBXVariantGroup section */
		05249D8428C2A30A002E3C08 /* Main.storyboard */ = {
			isa = PBXVariantGroup;
			children = (
				05249D8528C2A30A002E3C08 /* Base */,
			);
			name = Main.storyboard;
			sourceTree = "<group>";
		};
		05249D8928C2A30C002E3C08 /* LaunchScreen.storyboard */ = {
			isa = PBXVariantGroup;
			children = (
				05249D8A28C2A30C002E3C08 /* Base */,
			);
			name = LaunchScreen.storyboard;
			sourceTree = "<group>";
		};
/* End PBXVariantGroup section */

/* Begin XCBuildConfiguration section */
		05249D8D28C2A30C002E3C08 /* Debug */ = {
			isa = XCBuildConfiguration;
			buildSettings = {
				ALWAYS_SEARCH_USER_PATHS = NO;
				CLANG_ANALYZER_NONNULL = YES;
				CLANG_ANALYZER_NUMBER_OBJECT_CONVERSION = YES_AGGRESSIVE;
				CLANG_CXX_LANGUAGE_STANDARD = "gnu++17";
				CLANG_CXX_LIBRARY = "libc++";
				CLANG_ENABLE_MODULES = YES;
				CLANG_ENABLE_OBJC_ARC = YES;
				CLANG_ENABLE_OBJC_WEAK = YES;
				CLANG_WARN_BLOCK_CAPTURE_AUTORELEASING = YES;
				CLANG_WARN_BOOL_CONVERSION = YES;
				CLANG_WARN_COMMA = YES;
				CLANG_WARN_CONSTANT_CONVERSION = YES;
				CLANG_WARN_DEPRECATED_OBJC_IMPLEMENTATIONS = YES;
				CLANG_WARN_DIRECT_OBJC_ISA_USAGE = YES_ERROR;
				CLANG_WARN_DOCUMENTATION_COMMENTS = YES;
				CLANG_WARN_EMPTY_BODY = YES;
				CLANG_WARN_ENUM_CONVERSION = YES;
				CLANG_WARN_INFINITE_RECURSION = YES;
				CLANG_WARN_INT_CONVERSION = YES;
				CLANG_WARN_NON_LITERAL_NULL_CONVERSION = YES;
				CLANG_WARN_OBJC_IMPLICIT_RETAIN_SELF = YES;
				CLANG_WARN_OBJC_LITERAL_CONVERSION = YES;
				CLANG_WARN_OBJC_ROOT_CLASS = YES_ERROR;
				CLANG_WARN_QUOTED_INCLUDE_IN_FRAMEWORK_HEADER = YES;
				CLANG_WARN_RANGE_LOOP_ANALYSIS = YES;
				CLANG_WARN_STRICT_PROTOTYPES = YES;
				CLANG_WARN_SUSPICIOUS_MOVE = YES;
				CLANG_WARN_UNGUARDED_AVAILABILITY = YES_AGGRESSIVE;
				CLANG_WARN_UNREACHABLE_CODE = YES;
				CLANG_WARN__DUPLICATE_METHOD_MATCH = YES;
				COPY_PHASE_STRIP = NO;
				DEBUG_INFORMATION_FORMAT = dwarf;
				ENABLE_STRICT_OBJC_MSGSEND = YES;
				ENABLE_TESTABILITY = YES;
				GCC_C_LANGUAGE_STANDARD = gnu11;
				GCC_DYNAMIC_NO_PIC = NO;
				GCC_NO_COMMON_BLOCKS = YES;
				GCC_OPTIMIZATION_LEVEL = 0;
				GCC_PREPROCESSOR_DEFINITIONS = (
					"DEBUG=1",
					"$(inherited)",
				);
				GCC_WARN_64_TO_32_BIT_CONVERSION = YES;
				GCC_WARN_ABOUT_RETURN_TYPE = YES_ERROR;
				GCC_WARN_UNDECLARED_SELECTOR = YES;
				GCC_WARN_UNINITIALIZED_AUTOS = YES_AGGRESSIVE;
				GCC_WARN_UNUSED_FUNCTION = YES;
				GCC_WARN_UNUSED_VARIABLE = YES;
				IPHONEOS_DEPLOYMENT_TARGET = 15.0;
				MTL_ENABLE_DEBUG_INFO = INCLUDE_SOURCE;
				MTL_FAST_MATH = YES;
				ONLY_ACTIVE_ARCH = YES;
				SDKROOT = iphoneos;
				SWIFT_ACTIVE_COMPILATION_CONDITIONS = DEBUG;
				SWIFT_OPTIMIZATION_LEVEL = "-Onone";
			};
			name = Debug;
		};
		05249D8E28C2A30C002E3C08 /* Release */ = {
			isa = XCBuildConfiguration;
			buildSettings = {
				ALWAYS_SEARCH_USER_PATHS = NO;
				CLANG_ANALYZER_NONNULL = YES;
				CLANG_ANALYZER_NUMBER_OBJECT_CONVERSION = YES_AGGRESSIVE;
				CLANG_CXX_LANGUAGE_STANDARD = "gnu++17";
				CLANG_CXX_LIBRARY = "libc++";
				CLANG_ENABLE_MODULES = YES;
				CLANG_ENABLE_OBJC_ARC = YES;
				CLANG_ENABLE_OBJC_WEAK = YES;
				CLANG_WARN_BLOCK_CAPTURE_AUTORELEASING = YES;
				CLANG_WARN_BOOL_CONVERSION = YES;
				CLANG_WARN_COMMA = YES;
				CLANG_WARN_CONSTANT_CONVERSION = YES;
				CLANG_WARN_DEPRECATED_OBJC_IMPLEMENTATIONS = YES;
				CLANG_WARN_DIRECT_OBJC_ISA_USAGE = YES_ERROR;
				CLANG_WARN_DOCUMENTATION_COMMENTS = YES;
				CLANG_WARN_EMPTY_BODY = YES;
				CLANG_WARN_ENUM_CONVERSION = YES;
				CLANG_WARN_INFINITE_RECURSION = YES;
				CLANG_WARN_INT_CONVERSION = YES;
				CLANG_WARN_NON_LITERAL_NULL_CONVERSION = YES;
				CLANG_WARN_OBJC_IMPLICIT_RETAIN_SELF = YES;
				CLANG_WARN_OBJC_LITERAL_CONVERSION = YES;
				CLANG_WARN_OBJC_ROOT_CLASS = YES_ERROR;
				CLANG_WARN_QUOTED_INCLUDE_IN_FRAMEWORK_HEADER = YES;
				CLANG_WARN_RANGE_LOOP_ANALYSIS = YES;
				CLANG_WARN_STRICT_PROTOTYPES = YES;
				CLANG_WARN_SUSPICIOUS_MOVE = YES;
				CLANG_WARN_UNGUARDED_AVAILABILITY = YES_AGGRESSIVE;
				CLANG_WARN_UNREACHABLE_CODE = YES;
				CLANG_WARN__DUPLICATE_METHOD_MATCH = YES;
				COPY_PHASE_STRIP = NO;
				DEBUG_INFORMATION_FORMAT = "dwarf-with-dsym";
				ENABLE_NS_ASSERTIONS = NO;
				ENABLE_STRICT_OBJC_MSGSEND = YES;
				GCC_C_LANGUAGE_STANDARD = gnu11;
				GCC_NO_COMMON_BLOCKS = YES;
				GCC_WARN_64_TO_32_BIT_CONVERSION = YES;
				GCC_WARN_ABOUT_RETURN_TYPE = YES_ERROR;
				GCC_WARN_UNDECLARED_SELECTOR = YES;
				GCC_WARN_UNINITIALIZED_AUTOS = YES_AGGRESSIVE;
				GCC_WARN_UNUSED_FUNCTION = YES;
				GCC_WARN_UNUSED_VARIABLE = YES;
				IPHONEOS_DEPLOYMENT_TARGET = 15.0;
				MTL_ENABLE_DEBUG_INFO = NO;
				MTL_FAST_MATH = YES;
				SDKROOT = iphoneos;
				SWIFT_COMPILATION_MODE = wholemodule;
				SWIFT_OPTIMIZATION_LEVEL = "-O";
				VALIDATE_PRODUCT = YES;
			};
			name = Release;
		};
		05249D9028C2A30C002E3C08 /* Debug */ = {
			isa = XCBuildConfiguration;
			buildSettings = {
				ASSETCATALOG_COMPILER_APPICON_NAME = AppIcon;
				ASSETCATALOG_COMPILER_GLOBAL_ACCENT_COLOR_NAME = AccentColor;
				CODE_SIGN_STYLE = Automatic;
				CURRENT_PROJECT_VERSION = 1;
				DEVELOPMENT_TEAM = 7QFVWU65MZ;
				GENERATE_INFOPLIST_FILE = YES;
				INFOPLIST_FILE = bankingApp/Info.plist;
				INFOPLIST_KEY_UIApplicationSupportsIndirectInputEvents = YES;
				INFOPLIST_KEY_UILaunchStoryboardName = LaunchScreen;
				INFOPLIST_KEY_UIMainStoryboardFile = Main;
				INFOPLIST_KEY_UISupportedInterfaceOrientations_iPad = "UIInterfaceOrientationPortrait UIInterfaceOrientationPortraitUpsideDown UIInterfaceOrientationLandscapeLeft UIInterfaceOrientationLandscapeRight";
				INFOPLIST_KEY_UISupportedInterfaceOrientations_iPhone = "UIInterfaceOrientationPortrait UIInterfaceOrientationLandscapeLeft UIInterfaceOrientationLandscapeRight";
				LD_RUNPATH_SEARCH_PATHS = (
					"$(inherited)",
					"@executable_path/Frameworks",
				);
				MARKETING_VERSION = 1.0;
				PRODUCT_BUNDLE_IDENTIFIER = com.ios.academy.bankingApp;
				PRODUCT_NAME = "$(TARGET_NAME)";
				SWIFT_EMIT_LOC_STRINGS = YES;
				SWIFT_VERSION = 5.0;
				TARGETED_DEVICE_FAMILY = "1,2";
			};
			name = Debug;
		};
		05249D9128C2A30C002E3C08 /* Release */ = {
			isa = XCBuildConfiguration;
			buildSettings = {
				ASSETCATALOG_COMPILER_APPICON_NAME = AppIcon;
				ASSETCATALOG_COMPILER_GLOBAL_ACCENT_COLOR_NAME = AccentColor;
				CODE_SIGN_STYLE = Automatic;
				CURRENT_PROJECT_VERSION = 1;
				DEVELOPMENT_TEAM = 7QFVWU65MZ;
				GENERATE_INFOPLIST_FILE = YES;
				INFOPLIST_FILE = bankingApp/Info.plist;
				INFOPLIST_KEY_UIApplicationSupportsIndirectInputEvents = YES;
				INFOPLIST_KEY_UILaunchStoryboardName = LaunchScreen;
				INFOPLIST_KEY_UIMainStoryboardFile = Main;
				INFOPLIST_KEY_UISupportedInterfaceOrientations_iPad = "UIInterfaceOrientationPortrait UIInterfaceOrientationPortraitUpsideDown UIInterfaceOrientationLandscapeLeft UIInterfaceOrientationLandscapeRight";
				INFOPLIST_KEY_UISupportedInterfaceOrientations_iPhone = "UIInterfaceOrientationPortrait UIInterfaceOrientationLandscapeLeft UIInterfaceOrientationLandscapeRight";
				LD_RUNPATH_SEARCH_PATHS = (
					"$(inherited)",
					"@executable_path/Frameworks",
				);
				MARKETING_VERSION = 1.0;
				PRODUCT_BUNDLE_IDENTIFIER = com.ios.academy.bankingApp;
				PRODUCT_NAME = "$(TARGET_NAME)";
				SWIFT_EMIT_LOC_STRINGS = YES;
				SWIFT_VERSION = 5.0;
				TARGETED_DEVICE_FAMILY = "1,2";
			};
			name = Release;
		};
/* End XCBuildConfiguration section */

/* Begin XCConfigurationList section */
		05249D7628C2A30A002E3C08 /* Build configuration list for PBXProject "bankingApp" */ = {
			isa = XCConfigurationList;
			buildConfigurations = (
				05249D8D28C2A30C002E3C08 /* Debug */,
				05249D8E28C2A30C002E3C08 /* Release */,
			);
			defaultConfigurationIsVisible = 0;
			defaultConfigurationName = Release;
		};
		05249D8F28C2A30C002E3C08 /* Build configuration list for PBXNativeTarget "bankingApp" */ = {
			isa = XCConfigurationList;
			buildConfigurations = (
				05249D9028C2A30C002E3C08 /* Debug */,
				05249D9128C2A30C002E3C08 /* Release */,
			);
			defaultConfigurationIsVisible = 0;
			defaultConfigurationName = Release;
		};
/* End XCConfigurationList section */
	};
	rootObject = 05249D7328C2A30A002E3C08 /* Project object */;
}
