// !$*UTF8*$!
{
	archiveVersion = 1;
	classes = {
	};
	objectVersion = 55;
	objects = {

/* Begin PBXBuildFile section */
		05035F2E28C8071000CAF244 /* Home.storyboard in Resources */ = {isa = PBXBuildFile; fileRef = 05035F2D28C8071000CAF244 /* Home.storyboard */; };
		05035F3028C8073000CAF244 /* Initial.storyboard in Resources */ = {isa = PBXBuildFile; fileRef = 05035F2F28C8073000CAF244 /* Initial.storyboard */; };
		05035F3328C8086300CAF244 /* Images.xcassets in Resources */ = {isa = PBXBuildFile; fileRef = 05035F3228C8086300CAF244 /* Images.xcassets */; };
		05035F3528C8087100CAF244 /* Colors.xcassets in Resources */ = {isa = PBXBuildFile; fileRef = 05035F3428C8087100CAF244 /* Colors.xcassets */; };
		05249D8128C2A30A002E3C08 /* SceneDelegate.swift in Sources */ = {isa = PBXBuildFile; fileRef = 05249D8028C2A30A002E3C08 /* SceneDelegate.swift */; };
		05249D8328C2A30A002E3C08 /* ViewController.swift in Sources */ = {isa = PBXBuildFile; fileRef = 05249D8228C2A30A002E3C08 /* ViewController.swift */; };
		05249D8628C2A30A002E3C08 /* Main.storyboard in Resources */ = {isa = PBXBuildFile; fileRef = 05249D8428C2A30A002E3C08 /* Main.storyboard */; };
		05249D8828C2A30C002E3C08 /* Assets.xcassets in Resources */ = {isa = PBXBuildFile; fileRef = 05249D8728C2A30C002E3C08 /* Assets.xcassets */; };
		05249D8B28C2A30C002E3C08 /* LaunchScreen.storyboard in Resources */ = {isa = PBXBuildFile; fileRef = 05249D8928C2A30C002E3C08 /* LaunchScreen.storyboard */; };
		87C4E37528C9A1CD00047263 /* Users.swift in Sources */ = {isa = PBXBuildFile; fileRef = 87C4E37428C9A1CD00047263 /* Users.swift */; };
		87C4E37828CB970700047263 /* ViewControllerPerfil.swift in Sources */ = {isa = PBXBuildFile; fileRef = 87C4E37628CB970700047263 /* ViewControllerPerfil.swift */; };
		87C4E37928CB970700047263 /* ViewControllerPerfil.xib in Resources */ = {isa = PBXBuildFile; fileRef = 87C4E37728CB970700047263 /* ViewControllerPerfil.xib */; };
		87C4E37C28CBB0DD00047263 /* ViewControllerAgregarPerfil.swift in Sources */ = {isa = PBXBuildFile; fileRef = 87C4E37A28CBB0DD00047263 /* ViewControllerAgregarPerfil.swift */; };
		87C4E37D28CBB0DD00047263 /* ViewControllerAgregarPerfil.xib in Resources */ = {isa = PBXBuildFile; fileRef = 87C4E37B28CBB0DD00047263 /* ViewControllerAgregarPerfil.xib */; };
		87C4E38028CBF4ED00047263 /* TableViewCellUsuarios.swift in Sources */ = {isa = PBXBuildFile; fileRef = 87C4E37E28CBF4ED00047263 /* TableViewCellUsuarios.swift */; };
		87C4E38128CBF4ED00047263 /* TableViewCellUsuarios.xib in Resources */ = {isa = PBXBuildFile; fileRef = 87C4E37F28CBF4ED00047263 /* TableViewCellUsuarios.xib */; };
		87C4E38828CBF74100047263 /* TableViewControllerUsuario.swift in Sources */ = {isa = PBXBuildFile; fileRef = 87C4E38628CBF74100047263 /* TableViewControllerUsuario.swift */; };
		87C4E38928CBF74100047263 /* TableViewControllerUsuario.xib in Resources */ = {isa = PBXBuildFile; fileRef = 87C4E38728CBF74100047263 /* TableViewControllerUsuario.xib */; };
		87C4E38C28CBF9D400047263 /* ViewControllerNuevoUsuario.swift in Sources */ = {isa = PBXBuildFile; fileRef = 87C4E38A28CBF9D400047263 /* ViewControllerNuevoUsuario.swift */; };
		87C4E38D28CBF9D400047263 /* ViewControllerNuevoUsuario.xib in Resources */ = {isa = PBXBuildFile; fileRef = 87C4E38B28CBF9D400047263 /* ViewControllerNuevoUsuario.xib */; };
		87C4E39228CD319600047263 /* ViewControllerEditarUsuario.swift in Sources */ = {isa = PBXBuildFile; fileRef = 87C4E39028CD319600047263 /* ViewControllerEditarUsuario.swift */; };
		87C4E39328CD319600047263 /* ViewControllerEditarUsuario.xib in Resources */ = {isa = PBXBuildFile; fileRef = 87C4E39128CD319600047263 /* ViewControllerEditarUsuario.xib */; };
		87C4E39828CD696400047263 /* CollectionViewControllerServicios.swift in Sources */ = {isa = PBXBuildFile; fileRef = 87C4E39628CD696300047263 /* CollectionViewControllerServicios.swift */; };
		87C4E39928CD696400047263 /* CollectionViewControllerServicios.xib in Resources */ = {isa = PBXBuildFile; fileRef = 87C4E39728CD696400047263 /* CollectionViewControllerServicios.xib */; };
		87C4E3A428CD814900047263 /* ViewControllerPagarServicios.swift in Sources */ = {isa = PBXBuildFile; fileRef = 87C4E3A228CD814900047263 /* ViewControllerPagarServicios.swift */; };
		87C4E3A528CD814900047263 /* ViewControllerPagarServicios.xib in Resources */ = {isa = PBXBuildFile; fileRef = 87C4E3A328CD814900047263 /* ViewControllerPagarServicios.xib */; };
		87C4E3AA28CD83B900047263 /* CollectionViewCellServicios.swift in Sources */ = {isa = PBXBuildFile; fileRef = 87C4E3A828CD83B900047263 /* CollectionViewCellServicios.swift */; };
		87C4E3AB28CD83B900047263 /* CollectionViewCellServicios.xib in Resources */ = {isa = PBXBuildFile; fileRef = 87C4E3A928CD83B900047263 /* CollectionViewCellServicios.xib */; };
		87C4E3B428CD9A9D00047263 /* ViewControllerTransferirHome.swift in Sources */ = {isa = PBXBuildFile; fileRef = 87C4E3B228CD9A9D00047263 /* ViewControllerTransferirHome.swift */; };
		87C4E3B528CD9A9D00047263 /* ViewControllerTransferirHome.xib in Resources */ = {isa = PBXBuildFile; fileRef = 87C4E3B328CD9A9D00047263 /* ViewControllerTransferirHome.xib */; };
		87C4E3B828CD9ACF00047263 /* ViewControllerTransferirImporte.swift in Sources */ = {isa = PBXBuildFile; fileRef = 87C4E3B628CD9ACF00047263 /* ViewControllerTransferirImporte.swift */; };
		87C4E3B928CD9ACF00047263 /* ViewControllerTransferirImporte.xib in Resources */ = {isa = PBXBuildFile; fileRef = 87C4E3B728CD9ACF00047263 /* ViewControllerTransferirImporte.xib */; };
		87C4E3BC28CD9AED00047263 /* ViewControllerTransferirConcepto.swift in Sources */ = {isa = PBXBuildFile; fileRef = 87C4E3BA28CD9AED00047263 /* ViewControllerTransferirConcepto.swift */; };
		87C4E3BD28CD9AED00047263 /* ViewControllerTransferirConcepto.xib in Resources */ = {isa = PBXBuildFile; fileRef = 87C4E3BB28CD9AED00047263 /* ViewControllerTransferirConcepto.xib */; };
		87C4E3C428CD9FCD00047263 /* TableViewControllerTransferirHome.swift in Sources */ = {isa = PBXBuildFile; fileRef = 87C4E3C228CD9FCD00047263 /* TableViewControllerTransferirHome.swift */; };
		87C4E3C528CD9FCD00047263 /* TableViewControllerTransferirHome.xib in Resources */ = {isa = PBXBuildFile; fileRef = 87C4E3C328CD9FCD00047263 /* TableViewControllerTransferirHome.xib */; };
		87C4E3C828CFF18F00047263 /* TableViewCellTransferirDetalle.swift in Sources */ = {isa = PBXBuildFile; fileRef = 87C4E3C628CFF18F00047263 /* TableViewCellTransferirDetalle.swift */; };
		87C4E3C928CFF18F00047263 /* TableViewCellTransferirDetalle.xib in Resources */ = {isa = PBXBuildFile; fileRef = 87C4E3C728CFF18F00047263 /* TableViewCellTransferirDetalle.xib */; };
/* End PBXBuildFile section */

/* Begin PBXFileReference section */
		05035F2D28C8071000CAF244 /* Home.storyboard */ = {isa = PBXFileReference; lastKnownFileType = file.storyboard; path = Home.storyboard; sourceTree = "<group>"; };
		05035F2F28C8073000CAF244 /* Initial.storyboard */ = {isa = PBXFileReference; lastKnownFileType = file.storyboard; path = Initial.storyboard; sourceTree = "<group>"; };
		05035F3228C8086300CAF244 /* Images.xcassets */ = {isa = PBXFileReference; lastKnownFileType = folder.assetcatalog; path = Images.xcassets; sourceTree = "<group>"; };
		05035F3428C8087100CAF244 /* Colors.xcassets */ = {isa = PBXFileReference; lastKnownFileType = folder.assetcatalog; path = Colors.xcassets; sourceTree = "<group>"; };
		05249D7B28C2A30A002E3C08 /* bankingApp.app */ = {isa = PBXFileReference; explicitFileType = wrapper.application; includeInIndex = 0; path = bankingApp.app; sourceTree = BUILT_PRODUCTS_DIR; };
		05249D8028C2A30A002E3C08 /* SceneDelegate.swift */ = {isa = PBXFileReference; lastKnownFileType = sourcecode.swift; path = SceneDelegate.swift; sourceTree = "<group>"; };
		05249D8228C2A30A002E3C08 /* ViewController.swift */ = {isa = PBXFileReference; lastKnownFileType = sourcecode.swift; path = ViewController.swift; sourceTree = "<group>"; };
		05249D8528C2A30A002E3C08 /* Base */ = {isa = PBXFileReference; lastKnownFileType = file.storyboard; name = Base; path = Base.lproj/Main.storyboard; sourceTree = "<group>"; };
		05249D8728C2A30C002E3C08 /* Assets.xcassets */ = {isa = PBXFileReference; lastKnownFileType = folder.assetcatalog; path = Assets.xcassets; sourceTree = "<group>"; };
		05249D8A28C2A30C002E3C08 /* Base */ = {isa = PBXFileReference; lastKnownFileType = file.storyboard; name = Base; path = Base.lproj/LaunchScreen.storyboard; sourceTree = "<group>"; };
		05249D8C28C2A30C002E3C08 /* Info.plist */ = {isa = PBXFileReference; lastKnownFileType = text.plist.xml; path = Info.plist; sourceTree = "<group>"; };
		87C4E37428C9A1CD00047263 /* Users.swift */ = {isa = PBXFileReference; lastKnownFileType = sourcecode.swift; path = Users.swift; sourceTree = "<group>"; };
		87C4E37628CB970700047263 /* ViewControllerPerfil.swift */ = {isa = PBXFileReference; lastKnownFileType = sourcecode.swift; path = ViewControllerPerfil.swift; sourceTree = "<group>"; };
		87C4E37728CB970700047263 /* ViewControllerPerfil.xib */ = {isa = PBXFileReference; lastKnownFileType = file.xib; path = ViewControllerPerfil.xib; sourceTree = "<group>"; };
		87C4E37A28CBB0DD00047263 /* ViewControllerAgregarPerfil.swift */ = {isa = PBXFileReference; lastKnownFileType = sourcecode.swift; path = ViewControllerAgregarPerfil.swift; sourceTree = "<group>"; };
		87C4E37B28CBB0DD00047263 /* ViewControllerAgregarPerfil.xib */ = {isa = PBXFileReference; lastKnownFileType = file.xib; path = ViewControllerAgregarPerfil.xib; sourceTree = "<group>"; };
		87C4E37E28CBF4ED00047263 /* TableViewCellUsuarios.swift */ = {isa = PBXFileReference; lastKnownFileType = sourcecode.swift; path = TableViewCellUsuarios.swift; sourceTree = "<group>"; };
		87C4E37F28CBF4ED00047263 /* TableViewCellUsuarios.xib */ = {isa = PBXFileReference; lastKnownFileType = file.xib; path = TableViewCellUsuarios.xib; sourceTree = "<group>"; };
		87C4E38628CBF74100047263 /* TableViewControllerUsuario.swift */ = {isa = PBXFileReference; lastKnownFileType = sourcecode.swift; path = TableViewControllerUsuario.swift; sourceTree = "<group>"; };
		87C4E38728CBF74100047263 /* TableViewControllerUsuario.xib */ = {isa = PBXFileReference; lastKnownFileType = file.xib; path = TableViewControllerUsuario.xib; sourceTree = "<group>"; };
		87C4E38A28CBF9D400047263 /* ViewControllerNuevoUsuario.swift */ = {isa = PBXFileReference; lastKnownFileType = sourcecode.swift; path = ViewControllerNuevoUsuario.swift; sourceTree = "<group>"; };
		87C4E38B28CBF9D400047263 /* ViewControllerNuevoUsuario.xib */ = {isa = PBXFileReference; lastKnownFileType = file.xib; path = ViewControllerNuevoUsuario.xib; sourceTree = "<group>"; };
		87C4E39028CD319600047263 /* ViewControllerEditarUsuario.swift */ = {isa = PBXFileReference; lastKnownFileType = sourcecode.swift; path = ViewControllerEditarUsuario.swift; sourceTree = "<group>"; };
		87C4E39128CD319600047263 /* ViewControllerEditarUsuario.xib */ = {isa = PBXFileReference; lastKnownFileType = file.xib; path = ViewControllerEditarUsuario.xib; sourceTree = "<group>"; };
		87C4E39628CD696300047263 /* CollectionViewControllerServicios.swift */ = {isa = PBXFileReference; lastKnownFileType = sourcecode.swift; path = CollectionViewControllerServicios.swift; sourceTree = "<group>"; };
		87C4E39728CD696400047263 /* CollectionViewControllerServicios.xib */ = {isa = PBXFileReference; lastKnownFileType = file.xib; path = CollectionViewControllerServicios.xib; sourceTree = "<group>"; };
		87C4E3A228CD814900047263 /* ViewControllerPagarServicios.swift */ = {isa = PBXFileReference; lastKnownFileType = sourcecode.swift; path = ViewControllerPagarServicios.swift; sourceTree = "<group>"; };
		87C4E3A328CD814900047263 /* ViewControllerPagarServicios.xib */ = {isa = PBXFileReference; lastKnownFileType = file.xib; path = ViewControllerPagarServicios.xib; sourceTree = "<group>"; };
		87C4E3A828CD83B900047263 /* CollectionViewCellServicios.swift */ = {isa = PBXFileReference; lastKnownFileType = sourcecode.swift; path = CollectionViewCellServicios.swift; sourceTree = "<group>"; };
		87C4E3A928CD83B900047263 /* CollectionViewCellServicios.xib */ = {isa = PBXFileReference; lastKnownFileType = file.xib; path = CollectionViewCellServicios.xib; sourceTree = "<group>"; };
		87C4E3B228CD9A9D00047263 /* ViewControllerTransferirHome.swift */ = {isa = PBXFileReference; lastKnownFileType = sourcecode.swift; path = ViewControllerTransferirHome.swift; sourceTree = "<group>"; };
		87C4E3B328CD9A9D00047263 /* ViewControllerTransferirHome.xib */ = {isa = PBXFileReference; lastKnownFileType = file.xib; path = ViewControllerTransferirHome.xib; sourceTree = "<group>"; };
		87C4E3B628CD9ACF00047263 /* ViewControllerTransferirImporte.swift */ = {isa = PBXFileReference; lastKnownFileType = sourcecode.swift; path = ViewControllerTransferirImporte.swift; sourceTree = "<group>"; };
		87C4E3B728CD9ACF00047263 /* ViewControllerTransferirImporte.xib */ = {isa = PBXFileReference; lastKnownFileType = file.xib; path = ViewControllerTransferirImporte.xib; sourceTree = "<group>"; };
		87C4E3BA28CD9AED00047263 /* ViewControllerTransferirConcepto.swift */ = {isa = PBXFileReference; lastKnownFileType = sourcecode.swift; path = ViewControllerTransferirConcepto.swift; sourceTree = "<group>"; };
		87C4E3BB28CD9AED00047263 /* ViewControllerTransferirConcepto.xib */ = {isa = PBXFileReference; lastKnownFileType = file.xib; path = ViewControllerTransferirConcepto.xib; sourceTree = "<group>"; };
		87C4E3C228CD9FCD00047263 /* TableViewControllerTransferirHome.swift */ = {isa = PBXFileReference; lastKnownFileType = sourcecode.swift; path = TableViewControllerTransferirHome.swift; sourceTree = "<group>"; };
		87C4E3C328CD9FCD00047263 /* TableViewControllerTransferirHome.xib */ = {isa = PBXFileReference; lastKnownFileType = file.xib; path = TableViewControllerTransferirHome.xib; sourceTree = "<group>"; };
		87C4E3C628CFF18F00047263 /* TableViewCellTransferirDetalle.swift */ = {isa = PBXFileReference; lastKnownFileType = sourcecode.swift; path = TableViewCellTransferirDetalle.swift; sourceTree = "<group>"; };
		87C4E3C728CFF18F00047263 /* TableViewCellTransferirDetalle.xib */ = {isa = PBXFileReference; lastKnownFileType = file.xib; path = TableViewCellTransferirDetalle.xib; sourceTree = "<group>"; };
/* End PBXFileReference section */

/* Begin PBXFrameworksBuildPhase section */
		05249D7828C2A30A002E3C08 /* Frameworks */ = {
			isa = PBXFrameworksBuildPhase;
			buildActionMask = 2147483647;
			files = (
			);
			runOnlyForDeploymentPostprocessing = 0;
		};
/* End PBXFrameworksBuildPhase section */

/* Begin PBXGroup section */
		05035F2C28C806BF00CAF244 /* View */ = {
			isa = PBXGroup;
			children = (
				05035F2F28C8073000CAF244 /* Initial.storyboard */,
				05035F2D28C8071000CAF244 /* Home.storyboard */,
				87C4E38F28CD315C00047263 /* Perfil */,
				87C4E39528CD68BC00047263 /* Servicios */,
				87C4E3AD28CD99D400047263 /* Transferir */,
			);
			path = View;
			sourceTree = "<group>";
		};
		05035F3128C8083700CAF244 /* assets */ = {
			isa = PBXGroup;
			children = (
				87C4E3AC28CD99A900047263 /* Transferir */,
				05035F3228C8086300CAF244 /* Images.xcassets */,
				05249D8728C2A30C002E3C08 /* Assets.xcassets */,
				05035F3428C8087100CAF244 /* Colors.xcassets */,
			);
			path = assets;
			sourceTree = "<group>";
		};
		05249D7228C2A30A002E3C08 = {
			isa = PBXGroup;
			children = (
				05249D7D28C2A30A002E3C08 /* bankingApp */,
				05249D7C28C2A30A002E3C08 /* Products */,
			);
			sourceTree = "<group>";
		};
		05249D7C28C2A30A002E3C08 /* Products */ = {
			isa = PBXGroup;
			children = (
				05249D7B28C2A30A002E3C08 /* bankingApp.app */,
			);
			name = Products;
			sourceTree = "<group>";
		};
		05249D7D28C2A30A002E3C08 /* bankingApp */ = {
			isa = PBXGroup;
			children = (
				87C4E37328C9A1BC00047263 /* Model */,
				05035F3128C8083700CAF244 /* assets */,
				05035F2C28C806BF00CAF244 /* View */,
				05249D8028C2A30A002E3C08 /* SceneDelegate.swift */,
				05249D8228C2A30A002E3C08 /* ViewController.swift */,
				05249D8928C2A30C002E3C08 /* LaunchScreen.storyboard */,
				05249D8C28C2A30C002E3C08 /* Info.plist */,
				05249D8428C2A30A002E3C08 /* Main.storyboard */,
			);
			path = bankingApp;
			sourceTree = "<group>";
		};
		87C4E37328C9A1BC00047263 /* Model */ = {
			isa = PBXGroup;
			children = (
				87C4E37428C9A1CD00047263 /* Users.swift */,
			);
			path = Model;
			sourceTree = "<group>";
		};
		87C4E38F28CD315C00047263 /* Perfil */ = {
			isa = PBXGroup;
			children = (
				87C4E37728CB970700047263 /* ViewControllerPerfil.xib */,
				87C4E37628CB970700047263 /* ViewControllerPerfil.swift */,
				87C4E37B28CBB0DD00047263 /* ViewControllerAgregarPerfil.xib */,
				87C4E37A28CBB0DD00047263 /* ViewControllerAgregarPerfil.swift */,
				87C4E38728CBF74100047263 /* TableViewControllerUsuario.xib */,
				87C4E38628CBF74100047263 /* TableViewControllerUsuario.swift */,
				87C4E37F28CBF4ED00047263 /* TableViewCellUsuarios.xib */,
				87C4E37E28CBF4ED00047263 /* TableViewCellUsuarios.swift */,
				87C4E38B28CBF9D400047263 /* ViewControllerNuevoUsuario.xib */,
				87C4E38A28CBF9D400047263 /* ViewControllerNuevoUsuario.swift */,
				87C4E39128CD319600047263 /* ViewControllerEditarUsuario.xib */,
				87C4E39028CD319600047263 /* ViewControllerEditarUsuario.swift */,
			);
			path = Perfil;
			sourceTree = "<group>";
		};
		87C4E39528CD68BC00047263 /* Servicios */ = {
			isa = PBXGroup;
			children = (
				87C4E3A328CD814900047263 /* ViewControllerPagarServicios.xib */,
				87C4E3A228CD814900047263 /* ViewControllerPagarServicios.swift */,
				87C4E39728CD696400047263 /* CollectionViewControllerServicios.xib */,
				87C4E39628CD696300047263 /* CollectionViewControllerServicios.swift */,
				87C4E3A928CD83B900047263 /* CollectionViewCellServicios.xib */,
				87C4E3A828CD83B900047263 /* CollectionViewCellServicios.swift */,
			);
			path = Servicios;
			sourceTree = "<group>";
		};
		87C4E3AC28CD99A900047263 /* Transferir */ = {
			isa = PBXGroup;
			children = (
			);
			path = Transferir;
			sourceTree = "<group>";
		};
		87C4E3AD28CD99D400047263 /* Transferir */ = {
			isa = PBXGroup;
			children = (
				87C4E3B328CD9A9D00047263 /* ViewControllerTransferirHome.xib */,
				87C4E3B228CD9A9D00047263 /* ViewControllerTransferirHome.swift */,
				87C4E3C328CD9FCD00047263 /* TableViewControllerTransferirHome.xib */,
				87C4E3C228CD9FCD00047263 /* TableViewControllerTransferirHome.swift */,
				87C4E3C728CFF18F00047263 /* TableViewCellTransferirDetalle.xib */,
				87C4E3C628CFF18F00047263 /* TableViewCellTransferirDetalle.swift */,
				87C4E3B728CD9ACF00047263 /* ViewControllerTransferirImporte.xib */,
				87C4E3B628CD9ACF00047263 /* ViewControllerTransferirImporte.swift */,
				87C4E3BB28CD9AED00047263 /* ViewControllerTransferirConcepto.xib */,
				87C4E3BA28CD9AED00047263 /* ViewControllerTransferirConcepto.swift */,
			);
			path = Transferir;
			sourceTree = "<group>";
		};
/* End PBXGroup section */

/* Begin PBXNativeTarget section */
		05249D7A28C2A30A002E3C08 /* bankingApp */ = {
			isa = PBXNativeTarget;
			buildConfigurationList = 05249D8F28C2A30C002E3C08 /* Build configuration list for PBXNativeTarget "bankingApp" */;
			buildPhases = (
				05249D7728C2A30A002E3C08 /* Sources */,
				05249D7828C2A30A002E3C08 /* Frameworks */,
				05249D7928C2A30A002E3C08 /* Resources */,
			);
			buildRules = (
			);
			dependencies = (
			);
			name = bankingApp;
			productName = bankingApp;
			productReference = 05249D7B28C2A30A002E3C08 /* bankingApp.app */;
			productType = "com.apple.product-type.application";
		};
/* End PBXNativeTarget section */

/* Begin PBXProject section */
		05249D7328C2A30A002E3C08 /* Project object */ = {
			isa = PBXProject;
			attributes = {
				BuildIndependentTargetsInParallel = 1;
				LastSwiftUpdateCheck = 1300;
				LastUpgradeCheck = 1300;
				TargetAttributes = {
					05249D7A28C2A30A002E3C08 = {
						CreatedOnToolsVersion = 13.0;
					};
				};
			};
			buildConfigurationList = 05249D7628C2A30A002E3C08 /* Build configuration list for PBXProject "bankingApp" */;
			compatibilityVersion = "Xcode 13.0";
			developmentRegion = en;
			hasScannedForEncodings = 0;
			knownRegions = (
				en,
				Base,
			);
			mainGroup = 05249D7228C2A30A002E3C08;
			productRefGroup = 05249D7C28C2A30A002E3C08 /* Products */;
			projectDirPath = "";
			projectRoot = "";
			targets = (
				05249D7A28C2A30A002E3C08 /* bankingApp */,
			);
		};
/* End PBXProject section */

/* Begin PBXResourcesBuildPhase section */
		05249D7928C2A30A002E3C08 /* Resources */ = {
			isa = PBXResourcesBuildPhase;
			buildActionMask = 2147483647;
			files = (
				05249D8B28C2A30C002E3C08 /* LaunchScreen.storyboard in Resources */,
				87C4E3B928CD9ACF00047263 /* ViewControllerTransferirImporte.xib in Resources */,
				05249D8828C2A30C002E3C08 /* Assets.xcassets in Resources */,
				87C4E3A528CD814900047263 /* ViewControllerPagarServicios.xib in Resources */,
				87C4E3C928CFF18F00047263 /* TableViewCellTransferirDetalle.xib in Resources */,
				87C4E38128CBF4ED00047263 /* TableViewCellUsuarios.xib in Resources */,
				87C4E37928CB970700047263 /* ViewControllerPerfil.xib in Resources */,
				87C4E3B528CD9A9D00047263 /* ViewControllerTransferirHome.xib in Resources */,
				05035F3028C8073000CAF244 /* Initial.storyboard in Resources */,
				87C4E39328CD319600047263 /* ViewControllerEditarUsuario.xib in Resources */,
				87C4E38928CBF74100047263 /* TableViewControllerUsuario.xib in Resources */,
				87C4E3C528CD9FCD00047263 /* TableViewControllerTransferirHome.xib in Resources */,
				05035F3328C8086300CAF244 /* Images.xcassets in Resources */,
				87C4E3BD28CD9AED00047263 /* ViewControllerTransferirConcepto.xib in Resources */,
				05249D8628C2A30A002E3C08 /* Main.storyboard in Resources */,
				05035F2E28C8071000CAF244 /* Home.storyboard in Resources */,
				05035F3528C8087100CAF244 /* Colors.xcassets in Resources */,
				87C4E37D28CBB0DD00047263 /* ViewControllerAgregarPerfil.xib in Resources */,
				87C4E39928CD696400047263 /* CollectionViewControllerServicios.xib in Resources */,
				87C4E3AB28CD83B900047263 /* CollectionViewCellServicios.xib in Resources */,
				87C4E38D28CBF9D400047263 /* ViewControllerNuevoUsuario.xib in Resources */,
			);
			runOnlyForDeploymentPostprocessing = 0;
		};
/* End PBXResourcesBuildPhase section */

/* Begin PBXSourcesBuildPhase section */
		05249D7728C2A30A002E3C08 /* Sources */ = {
			isa = PBXSourcesBuildPhase;
			buildActionMask = 2147483647;
			files = (
				87C4E37C28CBB0DD00047263 /* ViewControllerAgregarPerfil.swift in Sources */,
				87C4E37528C9A1CD00047263 /* Users.swift in Sources */,
				87C4E3C428CD9FCD00047263 /* TableViewControllerTransferirHome.swift in Sources */,
				87C4E3AA28CD83B900047263 /* CollectionViewCellServicios.swift in Sources */,
				87C4E39828CD696400047263 /* CollectionViewControllerServicios.swift in Sources */,
				87C4E38C28CBF9D400047263 /* ViewControllerNuevoUsuario.swift in Sources */,
				87C4E38028CBF4ED00047263 /* TableViewCellUsuarios.swift in Sources */,
				05249D8328C2A30A002E3C08 /* ViewController.swift in Sources */,
				87C4E38828CBF74100047263 /* TableViewControllerUsuario.swift in Sources */,
				87C4E39228CD319600047263 /* ViewControllerEditarUsuario.swift in Sources */,
				87C4E3C828CFF18F00047263 /* TableViewCellTransferirDetalle.swift in Sources */,
				87C4E37828CB970700047263 /* ViewControllerPerfil.swift in Sources */,
				05249D8128C2A30A002E3C08 /* SceneDelegate.swift in Sources */,
				87C4E3B828CD9ACF00047263 /* ViewControllerTransferirImporte.swift in Sources */,
				87C4E3BC28CD9AED00047263 /* ViewControllerTransferirConcepto.swift in Sources */,
				87C4E3A428CD814900047263 /* ViewControllerPagarServicios.swift in Sources */,
				87C4E3B428CD9A9D00047263 /* ViewControllerTransferirHome.swift in Sources */,
			);
			runOnlyForDeploymentPostprocessing = 0;
		};
/* End PBXSourcesBuildPhase section */

/* Begin PBXVariantGroup section */
		05249D8428C2A30A002E3C08 /* Main.storyboard */ = {
			isa = PBXVariantGroup;
			children = (
				05249D8528C2A30A002E3C08 /* Base */,
			);
			name = Main.storyboard;
			sourceTree = "<group>";
		};
		05249D8928C2A30C002E3C08 /* LaunchScreen.storyboard */ = {
			isa = PBXVariantGroup;
			children = (
				05249D8A28C2A30C002E3C08 /* Base */,
			);
			name = LaunchScreen.storyboard;
			sourceTree = "<group>";
		};
/* End PBXVariantGroup section */

/* Begin XCBuildConfiguration section */
		05249D8D28C2A30C002E3C08 /* Debug */ = {
			isa = XCBuildConfiguration;
			buildSettings = {
				ALWAYS_SEARCH_USER_PATHS = NO;
				CLANG_ANALYZER_NONNULL = YES;
				CLANG_ANALYZER_NUMBER_OBJECT_CONVERSION = YES_AGGRESSIVE;
				CLANG_CXX_LANGUAGE_STANDARD = "gnu++17";
				CLANG_CXX_LIBRARY = "libc++";
				CLANG_ENABLE_MODULES = YES;
				CLANG_ENABLE_OBJC_ARC = YES;
				CLANG_ENABLE_OBJC_WEAK = YES;
				CLANG_WARN_BLOCK_CAPTURE_AUTORELEASING = YES;
				CLANG_WARN_BOOL_CONVERSION = YES;
				CLANG_WARN_COMMA = YES;
				CLANG_WARN_CONSTANT_CONVERSION = YES;
				CLANG_WARN_DEPRECATED_OBJC_IMPLEMENTATIONS = YES;
				CLANG_WARN_DIRECT_OBJC_ISA_USAGE = YES_ERROR;
				CLANG_WARN_DOCUMENTATION_COMMENTS = YES;
				CLANG_WARN_EMPTY_BODY = YES;
				CLANG_WARN_ENUM_CONVERSION = YES;
				CLANG_WARN_INFINITE_RECURSION = YES;
				CLANG_WARN_INT_CONVERSION = YES;
				CLANG_WARN_NON_LITERAL_NULL_CONVERSION = YES;
				CLANG_WARN_OBJC_IMPLICIT_RETAIN_SELF = YES;
				CLANG_WARN_OBJC_LITERAL_CONVERSION = YES;
				CLANG_WARN_OBJC_ROOT_CLASS = YES_ERROR;
				CLANG_WARN_QUOTED_INCLUDE_IN_FRAMEWORK_HEADER = YES;
				CLANG_WARN_RANGE_LOOP_ANALYSIS = YES;
				CLANG_WARN_STRICT_PROTOTYPES = YES;
				CLANG_WARN_SUSPICIOUS_MOVE = YES;
				CLANG_WARN_UNGUARDED_AVAILABILITY = YES_AGGRESSIVE;
				CLANG_WARN_UNREACHABLE_CODE = YES;
				CLANG_WARN__DUPLICATE_METHOD_MATCH = YES;
				COPY_PHASE_STRIP = NO;
				DEBUG_INFORMATION_FORMAT = dwarf;
				ENABLE_STRICT_OBJC_MSGSEND = YES;
				ENABLE_TESTABILITY = YES;
				GCC_C_LANGUAGE_STANDARD = gnu11;
				GCC_DYNAMIC_NO_PIC = NO;
				GCC_NO_COMMON_BLOCKS = YES;
				GCC_OPTIMIZATION_LEVEL = 0;
				GCC_PREPROCESSOR_DEFINITIONS = (
					"DEBUG=1",
					"$(inherited)",
				);
				GCC_WARN_64_TO_32_BIT_CONVERSION = YES;
				GCC_WARN_ABOUT_RETURN_TYPE = YES_ERROR;
				GCC_WARN_UNDECLARED_SELECTOR = YES;
				GCC_WARN_UNINITIALIZED_AUTOS = YES_AGGRESSIVE;
				GCC_WARN_UNUSED_FUNCTION = YES;
				GCC_WARN_UNUSED_VARIABLE = YES;
				IPHONEOS_DEPLOYMENT_TARGET = 15.0;
				MTL_ENABLE_DEBUG_INFO = INCLUDE_SOURCE;
				MTL_FAST_MATH = YES;
				ONLY_ACTIVE_ARCH = YES;
				SDKROOT = iphoneos;
				SWIFT_ACTIVE_COMPILATION_CONDITIONS = DEBUG;
				SWIFT_OPTIMIZATION_LEVEL = "-Onone";
			};
			name = Debug;
		};
		05249D8E28C2A30C002E3C08 /* Release */ = {
			isa = XCBuildConfiguration;
			buildSettings = {
				ALWAYS_SEARCH_USER_PATHS = NO;
				CLANG_ANALYZER_NONNULL = YES;
				CLANG_ANALYZER_NUMBER_OBJECT_CONVERSION = YES_AGGRESSIVE;
				CLANG_CXX_LANGUAGE_STANDARD = "gnu++17";
				CLANG_CXX_LIBRARY = "libc++";
				CLANG_ENABLE_MODULES = YES;
				CLANG_ENABLE_OBJC_ARC = YES;
				CLANG_ENABLE_OBJC_WEAK = YES;
				CLANG_WARN_BLOCK_CAPTURE_AUTORELEASING = YES;
				CLANG_WARN_BOOL_CONVERSION = YES;
				CLANG_WARN_COMMA = YES;
				CLANG_WARN_CONSTANT_CONVERSION = YES;
				CLANG_WARN_DEPRECATED_OBJC_IMPLEMENTATIONS = YES;
				CLANG_WARN_DIRECT_OBJC_ISA_USAGE = YES_ERROR;
				CLANG_WARN_DOCUMENTATION_COMMENTS = YES;
				CLANG_WARN_EMPTY_BODY = YES;
				CLANG_WARN_ENUM_CONVERSION = YES;
				CLANG_WARN_INFINITE_RECURSION = YES;
				CLANG_WARN_INT_CONVERSION = YES;
				CLANG_WARN_NON_LITERAL_NULL_CONVERSION = YES;
				CLANG_WARN_OBJC_IMPLICIT_RETAIN_SELF = YES;
				CLANG_WARN_OBJC_LITERAL_CONVERSION = YES;
				CLANG_WARN_OBJC_ROOT_CLASS = YES_ERROR;
				CLANG_WARN_QUOTED_INCLUDE_IN_FRAMEWORK_HEADER = YES;
				CLANG_WARN_RANGE_LOOP_ANALYSIS = YES;
				CLANG_WARN_STRICT_PROTOTYPES = YES;
				CLANG_WARN_SUSPICIOUS_MOVE = YES;
				CLANG_WARN_UNGUARDED_AVAILABILITY = YES_AGGRESSIVE;
				CLANG_WARN_UNREACHABLE_CODE = YES;
				CLANG_WARN__DUPLICATE_METHOD_MATCH = YES;
				COPY_PHASE_STRIP = NO;
				DEBUG_INFORMATION_FORMAT = "dwarf-with-dsym";
				ENABLE_NS_ASSERTIONS = NO;
				ENABLE_STRICT_OBJC_MSGSEND = YES;
				GCC_C_LANGUAGE_STANDARD = gnu11;
				GCC_NO_COMMON_BLOCKS = YES;
				GCC_WARN_64_TO_32_BIT_CONVERSION = YES;
				GCC_WARN_ABOUT_RETURN_TYPE = YES_ERROR;
				GCC_WARN_UNDECLARED_SELECTOR = YES;
				GCC_WARN_UNINITIALIZED_AUTOS = YES_AGGRESSIVE;
				GCC_WARN_UNUSED_FUNCTION = YES;
				GCC_WARN_UNUSED_VARIABLE = YES;
				IPHONEOS_DEPLOYMENT_TARGET = 15.0;
				MTL_ENABLE_DEBUG_INFO = NO;
				MTL_FAST_MATH = YES;
				SDKROOT = iphoneos;
				SWIFT_COMPILATION_MODE = wholemodule;
				SWIFT_OPTIMIZATION_LEVEL = "-O";
				VALIDATE_PRODUCT = YES;
			};
			name = Release;
		};
		05249D9028C2A30C002E3C08 /* Debug */ = {
			isa = XCBuildConfiguration;
			buildSettings = {
				ASSETCATALOG_COMPILER_APPICON_NAME = AppIcon;
				ASSETCATALOG_COMPILER_GLOBAL_ACCENT_COLOR_NAME = AccentColor;
				CODE_SIGN_STYLE = Automatic;
				CURRENT_PROJECT_VERSION = 1;
				DEVELOPMENT_TEAM = 7QFVWU65MZ;
				GENERATE_INFOPLIST_FILE = YES;
				INFOPLIST_FILE = bankingApp/Info.plist;
				INFOPLIST_KEY_UIApplicationSupportsIndirectInputEvents = YES;
				INFOPLIST_KEY_UILaunchStoryboardName = LaunchScreen;
				INFOPLIST_KEY_UIMainStoryboardFile = Main;
				INFOPLIST_KEY_UISupportedInterfaceOrientations_iPad = "UIInterfaceOrientationPortrait UIInterfaceOrientationPortraitUpsideDown UIInterfaceOrientationLandscapeLeft UIInterfaceOrientationLandscapeRight";
				INFOPLIST_KEY_UISupportedInterfaceOrientations_iPhone = "UIInterfaceOrientationPortrait UIInterfaceOrientationLandscapeLeft UIInterfaceOrientationLandscapeRight";
				LD_RUNPATH_SEARCH_PATHS = (
					"$(inherited)",
					"@executable_path/Frameworks",
				);
				MARKETING_VERSION = 1.0;
				PRODUCT_BUNDLE_IDENTIFIER = com.ios.academy.bankingApp;
				PRODUCT_NAME = "$(TARGET_NAME)";
				SWIFT_EMIT_LOC_STRINGS = YES;
				SWIFT_VERSION = 5.0;
				TARGETED_DEVICE_FAMILY = "1,2";
			};
			name = Debug;
		};
		05249D9128C2A30C002E3C08 /* Release */ = {
			isa = XCBuildConfiguration;
			buildSettings = {
				ASSETCATALOG_COMPILER_APPICON_NAME = AppIcon;
				ASSETCATALOG_COMPILER_GLOBAL_ACCENT_COLOR_NAME = AccentColor;
				CODE_SIGN_STYLE = Automatic;
				CURRENT_PROJECT_VERSION = 1;
				DEVELOPMENT_TEAM = 7QFVWU65MZ;
				GENERATE_INFOPLIST_FILE = YES;
				INFOPLIST_FILE = bankingApp/Info.plist;
				INFOPLIST_KEY_UIApplicationSupportsIndirectInputEvents = YES;
				INFOPLIST_KEY_UILaunchStoryboardName = LaunchScreen;
				INFOPLIST_KEY_UIMainStoryboardFile = Main;
				INFOPLIST_KEY_UISupportedInterfaceOrientations_iPad = "UIInterfaceOrientationPortrait UIInterfaceOrientationPortraitUpsideDown UIInterfaceOrientationLandscapeLeft UIInterfaceOrientationLandscapeRight";
				INFOPLIST_KEY_UISupportedInterfaceOrientations_iPhone = "UIInterfaceOrientationPortrait UIInterfaceOrientationLandscapeLeft UIInterfaceOrientationLandscapeRight";
				LD_RUNPATH_SEARCH_PATHS = (
					"$(inherited)",
					"@executable_path/Frameworks",
				);
				MARKETING_VERSION = 1.0;
				PRODUCT_BUNDLE_IDENTIFIER = com.ios.academy.bankingApp;
				PRODUCT_NAME = "$(TARGET_NAME)";
				SWIFT_EMIT_LOC_STRINGS = YES;
				SWIFT_VERSION = 5.0;
				TARGETED_DEVICE_FAMILY = "1,2";
			};
			name = Release;
		};
/* End XCBuildConfiguration section */

/* Begin XCConfigurationList section */
		05249D7628C2A30A002E3C08 /* Build configuration list for PBXProject "bankingApp" */ = {
			isa = XCConfigurationList;
			buildConfigurations = (
				05249D8D28C2A30C002E3C08 /* Debug */,
				05249D8E28C2A30C002E3C08 /* Release */,
			);
			defaultConfigurationIsVisible = 0;
			defaultConfigurationName = Release;
		};
		05249D8F28C2A30C002E3C08 /* Build configuration list for PBXNativeTarget "bankingApp" */ = {
			isa = XCConfigurationList;
			buildConfigurations = (
				05249D9028C2A30C002E3C08 /* Debug */,
				05249D9128C2A30C002E3C08 /* Release */,
			);
			defaultConfigurationIsVisible = 0;
			defaultConfigurationName = Release;
		};
/* End XCConfigurationList section */
	};
	rootObject = 05249D7328C2A30A002E3C08 /* Project object */;
}
